
Microsoft Visual Studio Solution File, Format Version 12.00
# Visual Studio Version 17
VisualStudioVersion = 17.13.35931.197 d17.13
MinimumVisualStudioVersion = 10.0.40219.1
Project("{8BC9CEB8-8B4A-11D0-8D11-00A0C91BC942}") = "server", "server.vcxproj", "{9A8D5CF0-F44F-4FCB-AD7C-CE006F791D89}"
EndProject
Global
	GlobalSection(SolutionConfigurationPlatforms) = preSolution
		Debug|x64 = Debug|x64
		Debug|x86 = Debug|x86
		Release|x64 = Release|x64
		Release|x86 = Release|x86
	EndGlobalSection
	GlobalSection(ProjectConfigurationPlatforms) = postSolution
		{9A8D5CF0-F44F-4FCB-AD7C-CE006F791D89}.Debug|x64.ActiveCfg = Debug|x64
		{9A8D5CF0-F44F-4FCB-AD7C-CE006F791D89}.Debug|x64.Build.0 = Debug|x64
		{9A8D5CF0-F44F-4FCB-AD7C-CE006F791D89}.Debug|x86.ActiveCfg = Debug|Win32
		{9A8D5CF0-F44F-4FCB-AD7C-CE006F791D89}.Debug|x86.Build.0 = Debug|Win32
		{9A8D5CF0-F44F-4FCB-AD7C-CE006F791D89}.Release|x64.ActiveCfg = Release|x64
		{9A8D5CF0-F44F-4FCB-AD7C-CE006F791D89}.Release|x64.Build.0 = Release|x64
		{9A8D5CF0-F44F-4FCB-AD7C-CE006F791D89}.Release|x86.ActiveCfg = Release|Win32
		{9A8D5CF0-F44F-4FCB-AD7C-CE006F791D89}.Release|x86.Build.0 = Release|Win32
	EndGlobalSection
	GlobalSection(SolutionProperties) = preSolution
		HideSolutionNode = FALSE
	EndGlobalSection
	GlobalSection(ExtensibilityGlobals) = postSolution
		SolutionGuid = {9DA88A1F-E6C6-4409-B65A-651A4BB61CF9}
	EndGlobalSection
EndGlobal
